lockfileVersion: '9.0'

settings:
  autoInstallPeers: true
  excludeLinksFromLockfile: false

importers:

  .:
    dependencies:
      solmate:
        specifier: ^6.8.0
        version: 6.8.0

packages:

  solmate@6.8.0:
    resolution: {integrity: sha512-/oI8kgEvSxGG1mrFv3FmCEZd0F8Z9VzRmoYMIhzmmzt6mjtPwfdCm3oh8yOL7bMHJBSfXJuMpnMPrM0uyaKsKg==}

snapshots:

  solmate@6.8.0: {}
